
Microsoft Visual Studio Solution File, Format Version 12.00
# Visual Studio 15
VisualStudioVersion = 15.0.28010.2046
MinimumVisualStudioVersion = 10.0.40219.1
Project("{9A19103F-16F7-4668-BE54-9A1E7A4F7556}") = "CTAPI", "CTAPI\CTAPI.csproj", "{F393EAA8-4D16-44DC-A7B6-900DE44855D7}"
EndProject
Global
	GlobalSection(SolutionConfigurationPlatforms) = preSolution
		Debug|Any CPU = Debug|Any CPU
		Release|Any CPU = Release|Any CPU
	EndGlobalSection
	GlobalSection(ProjectConfigurationPlatforms) = postSolution
		{F393EAA8-4D16-44DC-A7B6-900DE44855D7}.Debug|Any CPU.ActiveCfg = Debug|Any CPU
		{F393EAA8-4D16-44DC-A7B6-900DE44855D7}.Debug|Any CPU.Build.0 = Debug|Any CPU
		{F393EAA8-4D16-44DC-A7B6-900DE44855D7}.Release|Any CPU.ActiveCfg = Release|Any CPU
		{F393EAA8-4D16-44DC-A7B6-900DE44855D7}.Release|Any CPU.Build.0 = Release|Any CPU
	EndGlobalSection
	GlobalSection(SolutionProperties) = preSolution
		HideSolutionNode = FALSE
	EndGlobalSection
	GlobalSection(ExtensibilityGlobals) = postSolution
		SolutionGuid = {CBF5F10A-CEA0-46DA-BE2E-263717323F63}
	EndGlobalSection
EndGlobal
