
Microsoft Visual Studio Solution File, Format Version 12.00
# Visual Studio 15
VisualStudioVersion = 15.0.28010.2046
MinimumVisualStudioVersion = 10.0.40219.1
Project("{9A19103F-16F7-4668-BE54-9A1E7A4F7556}") = "CallTracker", "CallTracker\CallTracker.csproj", "{CC64ECBD-6F63-4F1F-BF9D-3FB440EF1D41}"
EndProject
Project("{FAE04EC0-301F-11D3-BF4B-00C04F79EFBC}") = "BackendConnector", "BackendConnector\BackendConnector.csproj", "{2F740A9F-E548-4449-9C72-1BDD899DE794}"
EndProject
Global
	GlobalSection(SolutionConfigurationPlatforms) = preSolution
		Debug|Any CPU = Debug|Any CPU
		Release|Any CPU = Release|Any CPU
	EndGlobalSection
	GlobalSection(ProjectConfigurationPlatforms) = postSolution
		{CC64ECBD-6F63-4F1F-BF9D-3FB440EF1D41}.Debug|Any CPU.ActiveCfg = Debug|Any CPU
		{CC64ECBD-6F63-4F1F-BF9D-3FB440EF1D41}.Debug|Any CPU.Build.0 = Debug|Any CPU
		{CC64ECBD-6F63-4F1F-BF9D-3FB440EF1D41}.Release|Any CPU.ActiveCfg = Release|Any CPU
		{CC64ECBD-6F63-4F1F-BF9D-3FB440EF1D41}.Release|Any CPU.Build.0 = Release|Any CPU
		{2F740A9F-E548-4449-9C72-1BDD899DE794}.Debug|Any CPU.ActiveCfg = Debug|Any CPU
		{2F740A9F-E548-4449-9C72-1BDD899DE794}.Debug|Any CPU.Build.0 = Debug|Any CPU
		{2F740A9F-E548-4449-9C72-1BDD899DE794}.Release|Any CPU.ActiveCfg = Release|Any CPU
		{2F740A9F-E548-4449-9C72-1BDD899DE794}.Release|Any CPU.Build.0 = Release|Any CPU
	EndGlobalSection
	GlobalSection(SolutionProperties) = preSolution
		HideSolutionNode = FALSE
	EndGlobalSection
	GlobalSection(ExtensibilityGlobals) = postSolution
		SolutionGuid = {EBC3B058-96D2-46B2-8960-A8A62EACC6CB}
	EndGlobalSection
EndGlobal
