
Microsoft Visual Studio Solution File, Format Version 12.00
# Visual Studio 15
VisualStudioVersion = 15.0.28010.2046
MinimumVisualStudioVersion = 10.0.40219.1
Project("{FAE04EC0-301F-11D3-BF4B-00C04F79EFBC}") = "BackendConnector", "BackendConnector.csproj", "{2F740A9F-E548-4449-9C72-1BDD899DE794}"
EndProject
Global
	GlobalSection(SolutionConfigurationPlatforms) = preSolution
		Debug|Any CPU = Debug|Any CPU
		Release|Any CPU = Release|Any CPU
	EndGlobalSection
	GlobalSection(ProjectConfigurationPlatforms) = postSolution
		{2F740A9F-E548-4449-9C72-1BDD899DE794}.Debug|Any CPU.ActiveCfg = Debug|Any CPU
		{2F740A9F-E548-4449-9C72-1BDD899DE794}.Debug|Any CPU.Build.0 = Debug|Any CPU
		{2F740A9F-E548-4449-9C72-1BDD899DE794}.Release|Any CPU.ActiveCfg = Release|Any CPU
		{2F740A9F-E548-4449-9C72-1BDD899DE794}.Release|Any CPU.Build.0 = Release|Any CPU
	EndGlobalSection
	GlobalSection(SolutionProperties) = preSolution
		HideSolutionNode = FALSE
	EndGlobalSection
	GlobalSection(ExtensibilityGlobals) = postSolution
		SolutionGuid = {522BD3B1-56DB-4481-809C-93572E004E1E}
	EndGlobalSection
EndGlobal
